
Microsoft Visual Studio Solution File, Format Version 12.00
# Visual Studio Version 17
VisualStudioVersion = 17.4.33122.133
MinimumVisualStudioVersion = 10.0.40219.1
Project("{888888A0-9F3D-457C-B088-3A5042F75D52}") = "Tweet_Analyzer", "Tweet_Analyzer\Tweet_Analyzer.pyproj", "{39AE0991-8473-4D3E-A160-6B61C51E2D66}"
EndProject
Global
	GlobalSection(SolutionConfigurationPlatforms) = preSolution
		Debug|Any CPU = Debug|Any CPU
		Release|Any CPU = Release|Any CPU
	EndGlobalSection
	GlobalSection(ProjectConfigurationPlatforms) = postSolution
		{39AE0991-8473-4D3E-A160-6B61C51E2D66}.Debug|Any CPU.ActiveCfg = Debug|Any CPU
		{39AE0991-8473-4D3E-A160-6B61C51E2D66}.Debug|Any CPU.Build.0 = Debug|Any CPU
		{39AE0991-8473-4D3E-A160-6B61C51E2D66}.Release|Any CPU.ActiveCfg = Release|Any CPU
		{39AE0991-8473-4D3E-A160-6B61C51E2D66}.Release|Any CPU.Build.0 = Release|Any CPU
	EndGlobalSection
	GlobalSection(SolutionProperties) = preSolution
		HideSolutionNode = FALSE
	EndGlobalSection
	GlobalSection(ExtensibilityGlobals) = postSolution
		SolutionGuid = {2F7DB825-ABF0-48F5-B8A5-13969495A3CB}
	EndGlobalSection
EndGlobal
